
Microsoft Visual Studio Solution File, Format Version 12.00
# Visual Studio Version 17
VisualStudioVersion = 17.2.32802.462
MinimumVisualStudioVersion = 10.0.40219.1
Project("{9A19103F-16F7-4668-BE54-9A1E7A4F7556}") = "ServerlessFacesAnalyzer.Core", "ServerlessFacesAnalyzer.Core\ServerlessFacesAnalyzer.Core.csproj", "{498FB0B5-6669-44A2-80DB-685EDBF0FECE}"
EndProject
Project("{9A19103F-16F7-4668-BE54-9A1E7A4F7556}") = "ServerlessFacesAnalyzer.Cognitive", "ServerlessFacesAnalyzer.Cognitive\ServerlessFacesAnalyzer.Cognitive.csproj", "{FDA553DB-7609-4661-98E2-4A8E38A8C49C}"
EndProject
Project("{9A19103F-16F7-4668-BE54-9A1E7A4F7556}") = "ServerlessFacesAnalyzer.ImageProcessing", "ServerlessFacesAnalyzer.ImageProcessing\ServerlessFacesAnalyzer.ImageProcessing.csproj", "{925FF01E-CE6F-4406-9659-6139FEA48C64}"
EndProject
Project("{2150E333-8FDC-42A3-9474-1A3956D46DE8}") = "Tests", "Tests", "{5DA1408D-53B5-435F-A2CE-8E5FD4A8483F}"
EndProject
Project("{2150E333-8FDC-42A3-9474-1A3956D46DE8}") = "Rest", "Rest", "{810A5131-2E6E-4EC2-BBE0-E6BECCCE50A0}"
EndProject
Project("{FAE04EC0-301F-11D3-BF4B-00C04F79EFBC}") = "ServerlessFacesAnalyzer.FuncApp", "ServerlessFacesAnalyzer.FuncApp\ServerlessFacesAnalyzer.FuncApp.csproj", "{E865D6F4-2D67-4B14-9037-1B633CD92CEB}"
EndProject
Global
	GlobalSection(SolutionConfigurationPlatforms) = preSolution
		Debug|Any CPU = Debug|Any CPU
		Release|Any CPU = Release|Any CPU
	EndGlobalSection
	GlobalSection(ProjectConfigurationPlatforms) = postSolution
		{498FB0B5-6669-44A2-80DB-685EDBF0FECE}.Debug|Any CPU.ActiveCfg = Debug|Any CPU
		{498FB0B5-6669-44A2-80DB-685EDBF0FECE}.Debug|Any CPU.Build.0 = Debug|Any CPU
		{498FB0B5-6669-44A2-80DB-685EDBF0FECE}.Release|Any CPU.ActiveCfg = Release|Any CPU
		{498FB0B5-6669-44A2-80DB-685EDBF0FECE}.Release|Any CPU.Build.0 = Release|Any CPU
		{FDA553DB-7609-4661-98E2-4A8E38A8C49C}.Debug|Any CPU.ActiveCfg = Debug|Any CPU
		{FDA553DB-7609-4661-98E2-4A8E38A8C49C}.Debug|Any CPU.Build.0 = Debug|Any CPU
		{FDA553DB-7609-4661-98E2-4A8E38A8C49C}.Release|Any CPU.ActiveCfg = Release|Any CPU
		{FDA553DB-7609-4661-98E2-4A8E38A8C49C}.Release|Any CPU.Build.0 = Release|Any CPU
		{925FF01E-CE6F-4406-9659-6139FEA48C64}.Debug|Any CPU.ActiveCfg = Debug|Any CPU
		{925FF01E-CE6F-4406-9659-6139FEA48C64}.Debug|Any CPU.Build.0 = Debug|Any CPU
		{925FF01E-CE6F-4406-9659-6139FEA48C64}.Release|Any CPU.ActiveCfg = Release|Any CPU
		{925FF01E-CE6F-4406-9659-6139FEA48C64}.Release|Any CPU.Build.0 = Release|Any CPU
		{E865D6F4-2D67-4B14-9037-1B633CD92CEB}.Debug|Any CPU.ActiveCfg = Debug|Any CPU
		{E865D6F4-2D67-4B14-9037-1B633CD92CEB}.Debug|Any CPU.Build.0 = Debug|Any CPU
		{E865D6F4-2D67-4B14-9037-1B633CD92CEB}.Release|Any CPU.ActiveCfg = Release|Any CPU
		{E865D6F4-2D67-4B14-9037-1B633CD92CEB}.Release|Any CPU.Build.0 = Release|Any CPU
	EndGlobalSection
	GlobalSection(SolutionProperties) = preSolution
		HideSolutionNode = FALSE
	EndGlobalSection
	GlobalSection(NestedProjects) = preSolution
		{810A5131-2E6E-4EC2-BBE0-E6BECCCE50A0} = {5DA1408D-53B5-435F-A2CE-8E5FD4A8483F}
	EndGlobalSection
	GlobalSection(ExtensibilityGlobals) = postSolution
		SolutionGuid = {CAA1EFC1-15CD-4756-B626-CE070A7DEE7A}
	EndGlobalSection
EndGlobal
